// !$*UTF8*$!
{
	archiveVersion = 1;
	classes = {
	};
	objectVersion = 50;
	objects = {

/* Begin PBXBuildFile section */
		18588BFF22DF9F8900A69772 /* AppDelegate.swift in Sources */ = {isa = PBXBuildFile; fileRef = 18588BFE22DF9F8900A69772 /* AppDelegate.swift */; };
		18588C0122DF9F8900A69772 /* ViewController.swift in Sources */ = {isa = PBXBuildFile; fileRef = 18588C0022DF9F8900A69772 /* ViewController.swift */; };
		18588C0422DF9F8900A69772 /* Main.storyboard in Resources */ = {isa = PBXBuildFile; fileRef = 18588C0222DF9F8900A69772 /* Main.storyboard */; };
		18588C0722DF9F8900A69772 /* PeopleWithPeriods.xcdatamodeld in Sources */ = {isa = PBXBuildFile; fileRef = 18588C0522DF9F8900A69772 /* PeopleWithPeriods.xcdatamodeld */; };
		18588C0922DF9F8A00A69772 /* Assets.xcassets in Resources */ = {isa = PBXBuildFile; fileRef = 18588C0822DF9F8A00A69772 /* Assets.xcassets */; };
		18588C0C22DF9F8A00A69772 /* LaunchScreen.storyboard in Resources */ = {isa = PBXBuildFile; fileRef = 18588C0A22DF9F8A00A69772 /* LaunchScreen.storyboard */; };
		18588C1722DF9F8A00A69772 /* PeopleWithPeriodsTests.swift in Sources */ = {isa = PBXBuildFile; fileRef = 18588C1622DF9F8A00A69772 /* PeopleWithPeriodsTests.swift */; };
		18588C2222DF9F8A00A69772 /* PeopleWithPeriodsUITests.swift in Sources */ = {isa = PBXBuildFile; fileRef = 18588C2122DF9F8A00A69772 /* PeopleWithPeriodsUITests.swift */; };
/* End PBXBuildFile section */

/* Begin PBXContainerItemProxy section */
		18588C1322DF9F8A00A69772 /* PBXContainerItemProxy */ = {
			isa = PBXContainerItemProxy;
			containerPortal = 18588BF322DF9F8900A69772 /* Project object */;
			proxyType = 1;
			remoteGlobalIDString = 18588BFA22DF9F8900A69772;
			remoteInfo = PeopleWithPeriods;
		};
		18588C1E22DF9F8A00A69772 /* PBXContainerItemProxy */ = {
			isa = PBXContainerItemProxy;
			containerPortal = 18588BF322DF9F8900A69772 /* Project object */;
			proxyType = 1;
			remoteGlobalIDString = 18588BFA22DF9F8900A69772;
			remoteInfo = PeopleWithPeriods;
		};
/* End PBXContainerItemProxy section */

/* Begin PBXFileReference section */
		18588BFB22DF9F8900A69772 /* PeopleWithPeriods.app */ = {isa = PBXFileReference; explicitFileType = wrapper.application; includeInIndex = 0; path = PeopleWithPeriods.app; sourceTree = BUILT_PRODUCTS_DIR; };
		18588BFE22DF9F8900A69772 /* AppDelegate.swift */ = {isa = PBXFileReference; lastKnownFileType = sourcecode.swift; path = AppDelegate.swift; sourceTree = "<group>"; };
		18588C0022DF9F8900A69772 /* ViewController.swift */ = {isa = PBXFileReference; lastKnownFileType = sourcecode.swift; path = ViewController.swift; sourceTree = "<group>"; };
		18588C0322DF9F8900A69772 /* Base */ = {isa = PBXFileReference; lastKnownFileType = file.storyboard; name = Base; path = Base.lproj/Main.storyboard; sourceTree = "<group>"; };
		18588C0622DF9F8900A69772 /* PeopleWithPeriods.xcdatamodel */ = {isa = PBXFileReference; lastKnownFileType = wrapper.xcdatamodel; path = PeopleWithPeriods.xcdatamodel; sourceTree = "<group>"; };
		18588C0822DF9F8A00A69772 /* Assets.xcassets */ = {isa = PBXFileReference; lastKnownFileType = folder.assetcatalog; path = Assets.xcassets; sourceTree = "<group>"; };
		18588C0B22DF9F8A00A69772 /* Base */ = {isa = PBXFileReference; lastKnownFileType = file.storyboard; name = Base; path = Base.lproj/LaunchScreen.storyboard; sourceTree = "<group>"; };
		18588C0D22DF9F8A00A69772 /* Info.plist */ = {isa = PBXFileReference; lastKnownFileType = text.plist.xml; path = Info.plist; sourceTree = "<group>"; };
		18588C1222DF9F8A00A69772 /* PeopleWithPeriodsTests.xctest */ = {isa = PBXFileReference; explicitFileType = wrapper.cfbundle; includeInIndex = 0; path = PeopleWithPeriodsTests.xctest; sourceTree = BUILT_PRODUCTS_DIR; };
		18588C1622DF9F8A00A69772 /* PeopleWithPeriodsTests.swift */ = {isa = PBXFileReference; lastKnownFileType = sourcecode.swift; path = PeopleWithPeriodsTests.swift; sourceTree = "<group>"; };
		18588C1822DF9F8A00A69772 /* Info.plist */ = {isa = PBXFileReference; lastKnownFileType = text.plist.xml; path = Info.plist; sourceTree = "<group>"; };
		18588C1D22DF9F8A00A69772 /* PeopleWithPeriodsUITests.xctest */ = {isa = PBXFileReference; explicitFileType = wrapper.cfbundle; includeInIndex = 0; path = PeopleWithPeriodsUITests.xctest; sourceTree = BUILT_PRODUCTS_DIR; };
		18588C2122DF9F8A00A69772 /* PeopleWithPeriodsUITests.swift */ = {isa = PBXFileReference; lastKnownFileType = sourcecode.swift; path = PeopleWithPeriodsUITests.swift; sourceTree = "<group>"; };
		18588C2322DF9F8A00A69772 /* Info.plist */ = {isa = PBXFileReference; lastKnownFileType = text.plist.xml; path = Info.plist; sourceTree = "<group>"; };
/* End PBXFileReference section */

/* Begin PBXFrameworksBuildPhase section */
		18588BF822DF9F8900A69772 /* Frameworks */ = {
			isa = PBXFrameworksBuildPhase;
			buildActionMask = 2147483647;
			files = (
			);
			runOnlyForDeploymentPostprocessing = 0;
		};
		18588C0F22DF9F8A00A69772 /* Frameworks */ = {
			isa = PBXFrameworksBuildPhase;
			buildActionMask = 2147483647;
			files = (
			);
			runOnlyForDeploymentPostprocessing = 0;
		};
		18588C1A22DF9F8A00A69772 /* Frameworks */ = {
			isa = PBXFrameworksBuildPhase;
			buildActionMask = 2147483647;
			files = (
			);
			runOnlyForDeploymentPostprocessing = 0;
		};
/* End PBXFrameworksBuildPhase section */

/* Begin PBXGroup section */
		18588BF222DF9F8900A69772 = {
			isa = PBXGroup;
			children = (
				18588BFD22DF9F8900A69772 /* PeopleWithPeriods */,
				18588C1522DF9F8A00A69772 /* PeopleWithPeriodsTests */,
				18588C2022DF9F8A00A69772 /* PeopleWithPeriodsUITests */,
				18588BFC22DF9F8900A69772 /* Products */,
			);
			sourceTree = "<group>";
		};
		18588BFC22DF9F8900A69772 /* Products */ = {
			isa = PBXGroup;
			children = (
				18588BFB22DF9F8900A69772 /* PeopleWithPeriods.app */,
				18588C1222DF9F8A00A69772 /* PeopleWithPeriodsTests.xctest */,
				18588C1D22DF9F8A00A69772 /* PeopleWithPeriodsUITests.xctest */,
			);
			name = Products;
			sourceTree = "<group>";
		};
		18588BFD22DF9F8900A69772 /* PeopleWithPeriods */ = {
			isa = PBXGroup;
			children = (
				18588BFE22DF9F8900A69772 /* AppDelegate.swift */,
				18588C0022DF9F8900A69772 /* ViewController.swift */,
				18588C0222DF9F8900A69772 /* Main.storyboard */,
				18588C0822DF9F8A00A69772 /* Assets.xcassets */,
				18588C0A22DF9F8A00A69772 /* LaunchScreen.storyboard */,
				18588C0D22DF9F8A00A69772 /* Info.plist */,
				18588C0522DF9F8900A69772 /* PeopleWithPeriods.xcdatamodeld */,
			);
			path = PeopleWithPeriods;
			sourceTree = "<group>";
		};
		18588C1522DF9F8A00A69772 /* PeopleWithPeriodsTests */ = {
			isa = PBXGroup;
			children = (
				18588C1622DF9F8A00A69772 /* PeopleWithPeriodsTests.swift */,
				18588C1822DF9F8A00A69772 /* Info.plist */,
			);
			path = PeopleWithPeriodsTests;
			sourceTree = "<group>";
		};
		18588C2022DF9F8A00A69772 /* PeopleWithPeriodsUITests */ = {
			isa = PBXGroup;
			children = (
				18588C2122DF9F8A00A69772 /* PeopleWithPeriodsUITests.swift */,
				18588C2322DF9F8A00A69772 /* Info.plist */,
			);
			path = PeopleWithPeriodsUITests;
			sourceTree = "<group>";
		};
/* End PBXGroup section */

/* Begin PBXNativeTarget section */
		18588BFA22DF9F8900A69772 /* PeopleWithPeriods */ = {
			isa = PBXNativeTarget;
			buildConfigurationList = 18588C2622DF9F8A00A69772 /* Build configuration list for PBXNativeTarget "PeopleWithPeriods" */;
			buildPhases = (
				18588BF722DF9F8900A69772 /* Sources */,
				18588BF822DF9F8900A69772 /* Frameworks */,
				18588BF922DF9F8900A69772 /* Resources */,
			);
			buildRules = (
			);
			dependencies = (
			);
			name = PeopleWithPeriods;
			productName = PeopleWithPeriods;
			productReference = 18588BFB22DF9F8900A69772 /* PeopleWithPeriods.app */;
			productType = "com.apple.product-type.application";
		};
		18588C1122DF9F8A00A69772 /* PeopleWithPeriodsTests */ = {
			isa = PBXNativeTarget;
			buildConfigurationList = 18588C2922DF9F8A00A69772 /* Build configuration list for PBXNativeTarget "PeopleWithPeriodsTests" */;
			buildPhases = (
				18588C0E22DF9F8A00A69772 /* Sources */,
				18588C0F22DF9F8A00A69772 /* Frameworks */,
				18588C1022DF9F8A00A69772 /* Resources */,
			);
			buildRules = (
			);
			dependencies = (
				18588C1422DF9F8A00A69772 /* PBXTargetDependency */,
			);
			name = PeopleWithPeriodsTests;
			productName = PeopleWithPeriodsTests;
			productReference = 18588C1222DF9F8A00A69772 /* PeopleWithPeriodsTests.xctest */;
			productType = "com.apple.product-type.bundle.unit-test";
		};
		18588C1C22DF9F8A00A69772 /* PeopleWithPeriodsUITests */ = {
			isa = PBXNativeTarget;
			buildConfigurationList = 18588C2C22DF9F8A00A69772 /* Build configuration list for PBXNativeTarget "PeopleWithPeriodsUITests" */;
			buildPhases = (
				18588C1922DF9F8A00A69772 /* Sources */,
				18588C1A22DF9F8A00A69772 /* Frameworks */,
				18588C1B22DF9F8A00A69772 /* Resources */,
			);
			buildRules = (
			);
			dependencies = (
				18588C1F22DF9F8A00A69772 /* PBXTargetDependency */,
			);
			name = PeopleWithPeriodsUITests;
			productName = PeopleWithPeriodsUITests;
			productReference = 18588C1D22DF9F8A00A69772 /* PeopleWithPeriodsUITests.xctest */;
			productType = "com.apple.product-type.bundle.ui-testing";
		};
/* End PBXNativeTarget section */

/* Begin PBXProject section */
		18588BF322DF9F8900A69772 /* Project object */ = {
			isa = PBXProject;
			attributes = {
				LastSwiftUpdateCheck = 1020;
				LastUpgradeCheck = 1020;
				ORGANIZATIONNAME = "Lauren H, Abbey, Maeve";
				TargetAttributes = {
					18588BFA22DF9F8900A69772 = {
						CreatedOnToolsVersion = 10.2.1;
					};
					18588C1122DF9F8A00A69772 = {
						CreatedOnToolsVersion = 10.2.1;
						TestTargetID = 18588BFA22DF9F8900A69772;
					};
					18588C1C22DF9F8A00A69772 = {
						CreatedOnToolsVersion = 10.2.1;
						TestTargetID = 18588BFA22DF9F8900A69772;
					};
				};
			};
			buildConfigurationList = 18588BF622DF9F8900A69772 /* Build configuration list for PBXProject "PeopleWithPeriods" */;
			compatibilityVersion = "Xcode 9.3";
			developmentRegion = en;
			hasScannedForEncodings = 0;
			knownRegions = (
				en,
				Base,
			);
			mainGroup = 18588BF222DF9F8900A69772;
			productRefGroup = 18588BFC22DF9F8900A69772 /* Products */;
			projectDirPath = "";
			projectRoot = "";
			targets = (
				18588BFA22DF9F8900A69772 /* PeopleWithPeriods */,
				18588C1122DF9F8A00A69772 /* PeopleWithPeriodsTests */,
				18588C1C22DF9F8A00A69772 /* PeopleWithPeriodsUITests */,
			);
		};
/* End PBXProject section */

/* Begin PBXResourcesBuildPhase section */
		18588BF922DF9F8900A69772 /* Resources */ = {
			isa = PBXResourcesBuildPhase;
			buildActionMask = 2147483647;
			files = (
				18588C0C22DF9F8A00A69772 /* LaunchScreen.storyboard in Resources */,
				18588C0922DF9F8A00A69772 /* Assets.xcassets in Resources */,
				18588C0422DF9F8900A69772 /* Main.storyboard in Resources */,
			);
			runOnlyForDeploymentPostprocessing = 0;
		};
		18588C1022DF9F8A00A69772 /* Resources */ = {
			isa = PBXResourcesBuildPhase;
			buildActionMask = 2147483647;
			files = (
			);
			runOnlyForDeploymentPostprocessing = 0;
		};
		18588C1B22DF9F8A00A69772 /* Resources */ = {
			isa = PBXResourcesBuildPhase;
			buildActionMask = 2147483647;
			files = (
			);
			runOnlyForDeploymentPostprocessing = 0;
		};
/* End PBXResourcesBuildPhase section */

/* Begin PBXSourcesBuildPhase section */
		18588BF722DF9F8900A69772 /* Sources */ = {
			isa = PBXSourcesBuildPhase;
			buildActionMask = 2147483647;
			files = (
				18588C0722DF9F8900A69772 /* PeopleWithPeriods.xcdatamodeld in Sources */,
				18588C0122DF9F8900A69772 /* ViewController.swift in Sources */,
				18588BFF22DF9F8900A69772 /* AppDelegate.swift in Sources */,
			);
			runOnlyForDeploymentPostprocessing = 0;
		};
		18588C0E22DF9F8A00A69772 /* Sources */ = {
			isa = PBXSourcesBuildPhase;
			buildActionMask = 2147483647;
			files = (
				18588C1722DF9F8A00A69772 /* PeopleWithPeriodsTests.swift in Sources */,
			);
			runOnlyForDeploymentPostprocessing = 0;
		};
		18588C1922DF9F8A00A69772 /* Sources */ = {
			isa = PBXSourcesBuildPhase;
			buildActionMask = 2147483647;
			files = (
				18588C2222DF9F8A00A69772 /* PeopleWithPeriodsUITests.swift in Sources */,
			);
			runOnlyForDeploymentPostprocessing = 0;
		};
/* End PBXSourcesBuildPhase section */

/* Begin PBXTargetDependency section */
		18588C1422DF9F8A00A69772 /* PBXTargetDependency */ = {
			isa = PBXTargetDependency;
			target = 18588BFA22DF9F8900A69772 /* PeopleWithPeriods */;
			targetProxy = 18588C1322DF9F8A00A69772 /* PBXContainerItemProxy */;
		};
		18588C1F22DF9F8A00A69772 /* PBXTargetDependency */ = {
			isa = PBXTargetDependency;
			target = 18588BFA22DF9F8900A69772 /* PeopleWithPeriods */;
			targetProxy = 18588C1E22DF9F8A00A69772 /* PBXContainerItemProxy */;
		};
/* End PBXTargetDependency section */

/* Begin PBXVariantGroup section */
		18588C0222DF9F8900A69772 /* Main.storyboard */ = {
			isa = PBXVariantGroup;
			children = (
				18588C0322DF9F8900A69772 /* Base */,
			);
			name = Main.storyboard;
			sourceTree = "<group>";
		};
		18588C0A22DF9F8A00A69772 /* LaunchScreen.storyboard */ = {
			isa = PBXVariantGroup;
			children = (
				18588C0B22DF9F8A00A69772 /* Base */,
			);
			name = LaunchScreen.storyboard;
			sourceTree = "<group>";
		};
/* End PBXVariantGroup section */

/* Begin XCBuildConfiguration section */
		18588C2422DF9F8A00A69772 /* Debug */ = {
			isa = XCBuildConfiguration;
			buildSettings = {
				ALWAYS_SEARCH_USER_PATHS = NO;
				CLANG_ANALYZER_NONNULL = YES;
				CLANG_ANALYZER_NUMBER_OBJECT_CONVERSION = YES_AGGRESSIVE;
				CLANG_CXX_LANGUAGE_STANDARD = "gnu++14";
				CLANG_CXX_LIBRARY = "libc++";
				CLANG_ENABLE_MODULES = YES;
				CLANG_ENABLE_OBJC_ARC = YES;
				CLANG_ENABLE_OBJC_WEAK = YES;
				CLANG_WARN_BLOCK_CAPTURE_AUTORELEASING = YES;
				CLANG_WARN_BOOL_CONVERSION = YES;
				CLANG_WARN_COMMA = YES;
				CLANG_WARN_CONSTANT_CONVERSION = YES;
				CLANG_WARN_DEPRECATED_OBJC_IMPLEMENTATIONS = YES;
				CLANG_WARN_DIRECT_OBJC_ISA_USAGE = YES_ERROR;
				CLANG_WARN_DOCUMENTATION_COMMENTS = YES;
				CLANG_WARN_EMPTY_BODY = YES;
				CLANG_WARN_ENUM_CONVERSION = YES;
				CLANG_WARN_INFINITE_RECURSION = YES;
				CLANG_WARN_INT_CONVERSION = YES;
				CLANG_WARN_NON_LITERAL_NULL_CONVERSION = YES;
				CLANG_WARN_OBJC_IMPLICIT_RETAIN_SELF = YES;
				CLANG_WARN_OBJC_LITERAL_CONVERSION = YES;
				CLANG_WARN_OBJC_ROOT_CLASS = YES_ERROR;
				CLANG_WARN_RANGE_LOOP_ANALYSIS = YES;
				CLANG_WARN_STRICT_PROTOTYPES = YES;
				CLANG_WARN_SUSPICIOUS_MOVE = YES;
				CLANG_WARN_UNGUARDED_AVAILABILITY = YES_AGGRESSIVE;
				CLANG_WARN_UNREACHABLE_CODE = YES;
				CLANG_WARN__DUPLICATE_METHOD_MATCH = YES;
				CODE_SIGN_IDENTITY = "iPhone Developer";
				COPY_PHASE_STRIP = NO;
				DEBUG_INFORMATION_FORMAT = dwarf;
				ENABLE_STRICT_OBJC_MSGSEND = YES;
				ENABLE_TESTABILITY = YES;
				GCC_C_LANGUAGE_STANDARD = gnu11;
				GCC_DYNAMIC_NO_PIC = NO;
				GCC_NO_COMMON_BLOCKS = YES;
				GCC_OPTIMIZATION_LEVEL = 0;
				GCC_PREPROCESSOR_DEFINITIONS = (
					"DEBUG=1",
					"$(inherited)",
				);
				GCC_WARN_64_TO_32_BIT_CONVERSION = YES;
				GCC_WARN_ABOUT_RETURN_TYPE = YES_ERROR;
				GCC_WARN_UNDECLARED_SELECTOR = YES;
				GCC_WARN_UNINITIALIZED_AUTOS = YES_AGGRESSIVE;
				GCC_WARN_UNUSED_FUNCTION = YES;
				GCC_WARN_UNUSED_VARIABLE = YES;
				IPHONEOS_DEPLOYMENT_TARGET = 12.2;
				MTL_ENABLE_DEBUG_INFO = INCLUDE_SOURCE;
				MTL_FAST_MATH = YES;
				ONLY_ACTIVE_ARCH = YES;
				SDKROOT = iphoneos;
				SWIFT_ACTIVE_COMPILATION_CONDITIONS = DEBUG;
				SWIFT_OPTIMIZATION_LEVEL = "-Onone";
			};
			name = Debug;
		};
		18588C2522DF9F8A00A69772 /* Release */ = {
			isa = XCBuildConfiguration;
			buildSettings = {
				ALWAYS_SEARCH_USER_PATHS = NO;
				CLANG_ANALYZER_NONNULL = YES;
				CLANG_ANALYZER_NUMBER_OBJECT_CONVERSION = YES_AGGRESSIVE;
				CLANG_CXX_LANGUAGE_STANDARD = "gnu++14";
				CLANG_CXX_LIBRARY = "libc++";
				CLANG_ENABLE_MODULES = YES;
				CLANG_ENABLE_OBJC_ARC = YES;
				CLANG_ENABLE_OBJC_WEAK = YES;
				CLANG_WARN_BLOCK_CAPTURE_AUTORELEASING = YES;
				CLANG_WARN_BOOL_CONVERSION = YES;
				CLANG_WARN_COMMA = YES;
				CLANG_WARN_CONSTANT_CONVERSION = YES;
				CLANG_WARN_DEPRECATED_OBJC_IMPLEMENTATIONS = YES;
				CLANG_WARN_DIRECT_OBJC_ISA_USAGE = YES_ERROR;
				CLANG_WARN_DOCUMENTATION_COMMENTS = YES;
				CLANG_WARN_EMPTY_BODY = YES;
				CLANG_WARN_ENUM_CONVERSION = YES;
				CLANG_WARN_INFINITE_RECURSION = YES;
				CLANG_WARN_INT_CONVERSION = YES;
				CLANG_WARN_NON_LITERAL_NULL_CONVERSION = YES;
				CLANG_WARN_OBJC_IMPLICIT_RETAIN_SELF = YES;
				CLANG_WARN_OBJC_LITERAL_CONVERSION = YES;
				CLANG_WARN_OBJC_ROOT_CLASS = YES_ERROR;
				CLANG_WARN_RANGE_LOOP_ANALYSIS = YES;
				CLANG_WARN_STRICT_PROTOTYPES = YES;
				CLANG_WARN_SUSPICIOUS_MOVE = YES;
				CLANG_WARN_UNGUARDED_AVAILABILITY = YES_AGGRESSIVE;
				CLANG_WARN_UNREACHABLE_CODE = YES;
				CLANG_WARN__DUPLICATE_METHOD_MATCH = YES;
				CODE_SIGN_IDENTITY = "iPhone Developer";
				COPY_PHASE_STRIP = NO;
				DEBUG_INFORMATION_FORMAT = "dwarf-with-dsym";
				ENABLE_NS_ASSERTIONS = NO;
				ENABLE_STRICT_OBJC_MSGSEND = YES;
				GCC_C_LANGUAGE_STANDARD = gnu11;
				GCC_NO_COMMON_BLOCKS = YES;
				GCC_WARN_64_TO_32_BIT_CONVERSION = YES;
				GCC_WARN_ABOUT_RETURN_TYPE = YES_ERROR;
				GCC_WARN_UNDECLARED_SELECTOR = YES;
				GCC_WARN_UNINITIALIZED_AUTOS = YES_AGGRESSIVE;
				GCC_WARN_UNUSED_FUNCTION = YES;
				GCC_WARN_UNUSED_VARIABLE = YES;
				IPHONEOS_DEPLOYMENT_TARGET = 12.2;
				MTL_ENABLE_DEBUG_INFO = NO;
				MTL_FAST_MATH = YES;
				SDKROOT = iphoneos;
				SWIFT_COMPILATION_MODE = wholemodule;
				SWIFT_OPTIMIZATION_LEVEL = "-O";
				VALIDATE_PRODUCT = YES;
			};
			name = Release;
		};
		18588C2722DF9F8A00A69772 /* Debug */ = {
			isa = XCBuildConfiguration;
			buildSettings = {
				ASSETCATALOG_COMPILER_APPICON_NAME = AppIcon;
				CODE_SIGN_STYLE = Automatic;
				DEVELOPMENT_TEAM = 6UHRW3D44Z;
				INFOPLIST_FILE = PeopleWithPeriods/Info.plist;
				LD_RUNPATH_SEARCH_PATHS = (
					"$(inherited)",
					"@executable_path/Frameworks",
				);
				PRODUCT_BUNDLE_IDENTIFIER = KWK.PeopleWithPeriods;
				PRODUCT_NAME = "$(TARGET_NAME)";
				SWIFT_VERSION = 5.0;
				TARGETED_DEVICE_FAMILY = "1,2";
			};
			name = Debug;
		};
		18588C2822DF9F8A00A69772 /* Release */ = {
			isa = XCBuildConfiguration;
			buildSettings = {
				ASSETCATALOG_COMPILER_APPICON_NAME = AppIcon;
				CODE_SIGN_STYLE = Automatic;
				DEVELOPMENT_TEAM = 6UHRW3D44Z;
				INFOPLIST_FILE = PeopleWithPeriods/Info.plist;
				LD_RUNPATH_SEARCH_PATHS = (
					"$(inherited)",
					"@executable_path/Frameworks",
				);
				PRODUCT_BUNDLE_IDENTIFIER = KWK.PeopleWithPeriods;
				PRODUCT_NAME = "$(TARGET_NAME)";
				SWIFT_VERSION = 5.0;
				TARGETED_DEVICE_FAMILY = "1,2";
			};
			name = Release;
		};
		18588C2A22DF9F8A00A69772 /* Debug */ = {
			isa = XCBuildConfiguration;
			buildSettings = {
				ALWAYS_EMBED_SWIFT_STANDARD_LIBRARIES = YES;
				BUNDLE_LOADER = "$(TEST_HOST)";
				CODE_SIGN_STYLE = Automatic;
				DEVELOPMENT_TEAM = P9UMA73KLZ;
				INFOPLIST_FILE = PeopleWithPeriodsTests/Info.plist;
				LD_RUNPATH_SEARCH_PATHS = (
					"$(inherited)",
					"@executable_path/Frameworks",
					"@loader_path/Frameworks",
				);
				PRODUCT_BUNDLE_IDENTIFIER = KWK.PeopleWithPeriodsTests;
				PRODUCT_NAME = "$(TARGET_NAME)";
				SWIFT_VERSION = 5.0;
				TARGETED_DEVICE_FAMILY = "1,2";
				TEST_HOST = "$(BUILT_PRODUCTS_DIR)/PeopleWithPeriods.app/PeopleWithPeriods";
			};
			name = Debug;
		};
		18588C2B22DF9F8A00A69772 /* Release */ = {
			isa = XCBuildConfiguration;
			buildSettings = {
				ALWAYS_EMBED_SWIFT_STANDARD_LIBRARIES = YES;
				BUNDLE_LOADER = "$(TEST_HOST)";
				CODE_SIGN_STYLE = Automatic;
				DEVELOPMENT_TEAM = P9UMA73KLZ;
				INFOPLIST_FILE = PeopleWithPeriodsTests/Info.plist;
				LD_RUNPATH_SEARCH_PATHS = (
					"$(inherited)",
					"@executable_path/Frameworks",
					"@loader_path/Frameworks",
				);
				PRODUCT_BUNDLE_IDENTIFIER = KWK.PeopleWithPeriodsTests;
				PRODUCT_NAME = "$(TARGET_NAME)";
				SWIFT_VERSION = 5.0;
				TARGETED_DEVICE_FAMILY = "1,2";
				TEST_HOST = "$(BUILT_PRODUCTS_DIR)/PeopleWithPeriods.app/PeopleWithPeriods";
			};
			name = Release;
		};
		18588C2D22DF9F8A00A69772 /* Debug */ = {
			isa = XCBuildConfiguration;
			buildSettings = {
				ALWAYS_EMBED_SWIFT_STANDARD_LIBRARIES = YES;
				CODE_SIGN_STYLE = Automatic;
				DEVELOPMENT_TEAM = P9UMA73KLZ;
				INFOPLIST_FILE = PeopleWithPeriodsUITests/Info.plist;
				LD_RUNPATH_SEARCH_PATHS = (
					"$(inherited)",
					"@executable_path/Frameworks",
					"@loader_path/Frameworks",
				);
				PRODUCT_BUNDLE_IDENTIFIER = KWK.PeopleWithPeriodsUITests;
				PRODUCT_NAME = "$(TARGET_NAME)";
				SWIFT_VERSION = 5.0;
				TARGETED_DEVICE_FAMILY = "1,2";
				TEST_TARGET_NAME = PeopleWithPeriods;
			};
			name = Debug;
		};
		18588C2E22DF9F8A00A69772 /* Release */ = {
			isa = XCBuildConfiguration;
			buildSettings = {
				ALWAYS_EMBED_SWIFT_STANDARD_LIBRARIES = YES;
				CODE_SIGN_STYLE = Automatic;
				DEVELOPMENT_TEAM = P9UMA73KLZ;
				INFOPLIST_FILE = PeopleWithPeriodsUITests/Info.plist;
				LD_RUNPATH_SEARCH_PATHS = (
					"$(inherited)",
					"@executable_path/Frameworks",
					"@loader_path/Frameworks",
				);
				PRODUCT_BUNDLE_IDENTIFIER = KWK.PeopleWithPeriodsUITests;
				PRODUCT_NAME = "$(TARGET_NAME)";
				SWIFT_VERSION = 5.0;
				TARGETED_DEVICE_FAMILY = "1,2";
				TEST_TARGET_NAME = PeopleWithPeriods;
			};
			name = Release;
		};
/* End XCBuildConfiguration section */

/* Begin XCConfigurationList section */
		18588BF622DF9F8900A69772 /* Build configuration list for PBXProject "PeopleWithPeriods" */ = {
			isa = XCConfigurationList;
			buildConfigurations = (
				18588C2422DF9F8A00A69772 /* Debug */,
				18588C2522DF9F8A00A69772 /* Release */,
			);
			defaultConfigurationIsVisible = 0;
			defaultConfigurationName = Release;
		};
		18588C2622DF9F8A00A69772 /* Build configuration list for PBXNativeTarget "PeopleWithPeriods" */ = {
			isa = XCConfigurationList;
			buildConfigurations = (
				18588C2722DF9F8A00A69772 /* Debug */,
				18588C2822DF9F8A00A69772 /* Release */,
			);
			defaultConfigurationIsVisible = 0;
			defaultConfigurationName = Release;
		};
		18588C2922DF9F8A00A69772 /* Build configuration list for PBXNativeTarget "PeopleWithPeriodsTests" */ = {
			isa = XCConfigurationList;
			buildConfigurations = (
				18588C2A22DF9F8A00A69772 /* Debug */,
				18588C2B22DF9F8A00A69772 /* Release */,
			);
			defaultConfigurationIsVisible = 0;
			defaultConfigurationName = Release;
		};
		18588C2C22DF9F8A00A69772 /* Build configuration list for PBXNativeTarget "PeopleWithPeriodsUITests" */ = {
			isa = XCConfigurationList;
			buildConfigurations = (
				18588C2D22DF9F8A00A69772 /* Debug */,
				18588C2E22DF9F8A00A69772 /* Release */,
			);
			defaultConfigurationIsVisible = 0;
			defaultConfigurationName = Release;
		};
/* End XCConfigurationList section */

/* Begin XCVersionGroup section */
		18588C0522DF9F8900A69772 /* PeopleWithPeriods.xcdatamodeld */ = {
			isa = XCVersionGroup;
			children = (
				18588C0622DF9F8900A69772 /* PeopleWithPeriods.xcdatamodel */,
			);
			currentVersion = 18588C0622DF9F8900A69772 /* PeopleWithPeriods.xcdatamodel */;
			path = PeopleWithPeriods.xcdatamodeld;
			sourceTree = "<group>";
			versionGroupType = wrapper.xcdatamodel;
		};
/* End XCVersionGroup section */
	};
	rootObject = 18588BF322DF9F8900A69772 /* Project object */;
}
